
Microsoft Visual Studio Solution File, Format Version 12.00
# Visual Studio Version 17
VisualStudioVersion = 17.8.34330.188
MinimumVisualStudioVersion = 10.0.40219.1
Project("{FAE04EC0-301F-11D3-BF4B-00C04F79EFBC}") = "Notes.Identity", "Notes.Identity\Notes.Identity.csproj", "{2605DBA0-34EF-495A-A325-D02516CEFAC8}"
EndProject
Global
	GlobalSection(SolutionConfigurationPlatforms) = preSolution
		Debug|Any CPU = Debug|Any CPU
		Release|Any CPU = Release|Any CPU
	EndGlobalSection
	GlobalSection(ProjectConfigurationPlatforms) = postSolution
		{2605DBA0-34EF-495A-A325-D02516CEFAC8}.Debug|Any CPU.ActiveCfg = Debug|Any CPU
		{2605DBA0-34EF-495A-A325-D02516CEFAC8}.Debug|Any CPU.Build.0 = Debug|Any CPU
		{2605DBA0-34EF-495A-A325-D02516CEFAC8}.Release|Any CPU.ActiveCfg = Release|Any CPU
		{2605DBA0-34EF-495A-A325-D02516CEFAC8}.Release|Any CPU.Build.0 = Release|Any CPU
	EndGlobalSection
	GlobalSection(SolutionProperties) = preSolution
		HideSolutionNode = FALSE
	EndGlobalSection
	GlobalSection(ExtensibilityGlobals) = postSolution
		SolutionGuid = {41831D0C-CA4E-475E-B9CB-72D85BC8C916}
	EndGlobalSection
EndGlobal
