
Microsoft Visual Studio Solution File, Format Version 12.00
# Visual Studio Version 17
VisualStudioVersion = 17.8.34330.188
MinimumVisualStudioVersion = 10.0.40219.1
Project("{2150E333-8FDC-42A3-9474-1A3956D46DE8}") = "Tests", "Tests", "{9AFE51F7-988B-42D5-B27C-56CD3C4F830C}"
EndProject
Project("{2150E333-8FDC-42A3-9474-1A3956D46DE8}") = "Core", "Core", "{F6C10684-66F8-498C-B3DD-78BFBC4E026A}"
EndProject
Project("{2150E333-8FDC-42A3-9474-1A3956D46DE8}") = "Infrastructure", "Infrastructure", "{3B036E3C-9CE8-40B8-BFBA-BC06F84A8398}"
EndProject
Project("{2150E333-8FDC-42A3-9474-1A3956D46DE8}") = "Presentation", "Presentation", "{78FD2F38-0ADD-4D24-ADB3-6FEE6665C580}"
EndProject
Project("{FAE04EC0-301F-11D3-BF4B-00C04F79EFBC}") = "Notes.Domain", "Core\Notes.Domain\Notes.Domain.csproj", "{0EDF3716-A7C0-4098-B45A-0CFDDE0CD4A6}"
EndProject
Project("{FAE04EC0-301F-11D3-BF4B-00C04F79EFBC}") = "Notes.Application", "Core\Notes.Application\Notes.Application.csproj", "{0EF93959-970E-4AFE-B8DC-05D5812CCCDA}"
EndProject
Project("{FAE04EC0-301F-11D3-BF4B-00C04F79EFBC}") = "Notes.Persistence", "Infrastructure\Notes.Persistence\Notes.Persistence.csproj", "{7D78F160-13EE-4249-AFD4-EA2CADDDDBFA}"
EndProject
Project("{FAE04EC0-301F-11D3-BF4B-00C04F79EFBC}") = "Notes.WebApi", "Presentation\Notes.WebApi\Notes.WebApi.csproj", "{6247CDAA-0646-4C65-A63C-D0B60B266E8E}"
EndProject
Global
	GlobalSection(SolutionConfigurationPlatforms) = preSolution
		Debug|Any CPU = Debug|Any CPU
		Release|Any CPU = Release|Any CPU
	EndGlobalSection
	GlobalSection(ProjectConfigurationPlatforms) = postSolution
		{0EDF3716-A7C0-4098-B45A-0CFDDE0CD4A6}.Debug|Any CPU.ActiveCfg = Debug|Any CPU
		{0EDF3716-A7C0-4098-B45A-0CFDDE0CD4A6}.Debug|Any CPU.Build.0 = Debug|Any CPU
		{0EDF3716-A7C0-4098-B45A-0CFDDE0CD4A6}.Release|Any CPU.ActiveCfg = Release|Any CPU
		{0EDF3716-A7C0-4098-B45A-0CFDDE0CD4A6}.Release|Any CPU.Build.0 = Release|Any CPU
		{0EF93959-970E-4AFE-B8DC-05D5812CCCDA}.Debug|Any CPU.ActiveCfg = Debug|Any CPU
		{0EF93959-970E-4AFE-B8DC-05D5812CCCDA}.Debug|Any CPU.Build.0 = Debug|Any CPU
		{0EF93959-970E-4AFE-B8DC-05D5812CCCDA}.Release|Any CPU.ActiveCfg = Release|Any CPU
		{0EF93959-970E-4AFE-B8DC-05D5812CCCDA}.Release|Any CPU.Build.0 = Release|Any CPU
		{7D78F160-13EE-4249-AFD4-EA2CADDDDBFA}.Debug|Any CPU.ActiveCfg = Debug|Any CPU
		{7D78F160-13EE-4249-AFD4-EA2CADDDDBFA}.Debug|Any CPU.Build.0 = Debug|Any CPU
		{7D78F160-13EE-4249-AFD4-EA2CADDDDBFA}.Release|Any CPU.ActiveCfg = Release|Any CPU
		{7D78F160-13EE-4249-AFD4-EA2CADDDDBFA}.Release|Any CPU.Build.0 = Release|Any CPU
		{6247CDAA-0646-4C65-A63C-D0B60B266E8E}.Debug|Any CPU.ActiveCfg = Debug|Any CPU
		{6247CDAA-0646-4C65-A63C-D0B60B266E8E}.Debug|Any CPU.Build.0 = Debug|Any CPU
		{6247CDAA-0646-4C65-A63C-D0B60B266E8E}.Release|Any CPU.ActiveCfg = Release|Any CPU
		{6247CDAA-0646-4C65-A63C-D0B60B266E8E}.Release|Any CPU.Build.0 = Release|Any CPU
	EndGlobalSection
	GlobalSection(SolutionProperties) = preSolution
		HideSolutionNode = FALSE
	EndGlobalSection
	GlobalSection(NestedProjects) = preSolution
		{0EDF3716-A7C0-4098-B45A-0CFDDE0CD4A6} = {F6C10684-66F8-498C-B3DD-78BFBC4E026A}
		{0EF93959-970E-4AFE-B8DC-05D5812CCCDA} = {F6C10684-66F8-498C-B3DD-78BFBC4E026A}
		{7D78F160-13EE-4249-AFD4-EA2CADDDDBFA} = {3B036E3C-9CE8-40B8-BFBA-BC06F84A8398}
		{6247CDAA-0646-4C65-A63C-D0B60B266E8E} = {78FD2F38-0ADD-4D24-ADB3-6FEE6665C580}
	EndGlobalSection
	GlobalSection(ExtensibilityGlobals) = postSolution
		SolutionGuid = {491CACBA-1DEE-4E61-9877-26DC0106F0C9}
	EndGlobalSection
EndGlobal
